PODS:
  - Flutter (1.0.0)
  - ratex_flutter (0.0.16):
    - Flutter

DEPENDENCIES:
  - Flutter (from `Flutter`)
  - ratex_flutter (from `.symlinks/plugins/ratex_flutter/ios`)

EXTERNAL SOURCES:
  Flutter:
    :path: Flutter
  ratex_flutter:
    :path: ".symlinks/plugins/ratex_flutter/ios"

SPEC CHECKSUMS:
  Flutter: cabc95a1d2626b1b06e7179b784ebcf0c0cde467
  ratex_flutter: 1a87b2bfbbf31fb5e2eba55e51bbe595143ec903

PODFILE CHECKSUM: 3c63482e143d1b91d2d2560aee9fb04ecc74ac7e

COCOAPODS: 1.16.2
