// !$*UTF8*$!
{
	archiveVersion = 1;
	classes = {
	};
	objectVersion = 56;
	objects = {

/* Begin PBXBuildFile section */
		AA000001 /* RaTeX.xcframework in Frameworks */ = {isa = PBXBuildFile; fileRef = AA000010 /* RaTeX.xcframework */; settings = {ATTRIBUTES = (Required, ); }; };
		AA000002 /* RaTeX.xcframework in Embed Frameworks */ = {isa = PBXBuildFile; fileRef = AA000010 /* RaTeX.xcframework */; settings = {ATTRIBUTES = (CodeSignOnCopy, RemoveHeadersOnCopy, ); }; };
		AA0000F1 /* Fonts in Resources */ = {isa = PBXBuildFile; fileRef = AA0000F0 /* Fonts */; };
		AA000003 /* DisplayList.swift in Sources */ = {isa = PBXBuildFile; fileRef = AA000020 /* DisplayList.swift */; };
		AA000004 /* RaTeXEngine.swift in Sources */ = {isa = PBXBuildFile; fileRef = AA000021 /* RaTeXEngine.swift */; };
		AA000005 /* RaTeXRenderer.swift in Sources */ = {isa = PBXBuildFile; fileRef = AA000022 /* RaTeXRenderer.swift */; };
		AA000006 /* RaTeXView.swift in Sources */ = {isa = PBXBuildFile; fileRef = AA000023 /* RaTeXView.swift */; };
		AA000007 /* ContentView.swift in Sources */ = {isa = PBXBuildFile; fileRef = AA000030 /* ContentView.swift */; };
		AA000008 /* RaTeXDemoApp.swift in Sources */ = {isa = PBXBuildFile; fileRef = AA000031 /* RaTeXDemoApp.swift */; };
		AA000009 /* RaTeXFontLoader.swift in Sources */ = {isa = PBXBuildFile; fileRef = AA000024 /* RaTeXFontLoader.swift */; };
/* End PBXBuildFile section */

/* Begin PBXCopyFilesBuildPhase section */
		AA000040 /* Embed Frameworks */ = {
			isa = PBXCopyFilesBuildPhase;
			buildActionMask = 2147483647;
			dstPath = "";
			dstSubfolderSpec = 10;
			files = (
				AA000002 /* RaTeX.xcframework in Embed Frameworks */,
			);
			name = "Embed Frameworks";
			runOnlyForDeploymentPostprocessing = 0;
		};
/* End PBXCopyFilesBuildPhase section */

/* Begin PBXResourcesBuildPhase section */
		AA0000E1 /* Resources */ = {
			isa = PBXResourcesBuildPhase;
			buildActionMask = 2147483647;
			files = (
				AA0000F1 /* Fonts in Resources */,
			);
			runOnlyForDeploymentPostprocessing = 0;
		};
/* End PBXResourcesBuildPhase section */

/* Begin PBXFileReference section */
		AA000010 /* RaTeX.xcframework */ = {isa = PBXFileReference; lastKnownFileType = wrapper.xcframework; name = "RaTeX.xcframework"; path = "../../../platforms/ios/RaTeX.xcframework"; sourceTree = "<group>"; };
		AA000020 /* DisplayList.swift */ = {isa = PBXFileReference; lastKnownFileType = sourcecode.swift; name = DisplayList.swift; path = "../../../platforms/ios/Sources/RaTeX/DisplayList.swift"; sourceTree = "<group>"; };
		AA000021 /* RaTeXEngine.swift */ = {isa = PBXFileReference; lastKnownFileType = sourcecode.swift; name = RaTeXEngine.swift; path = "../../../platforms/ios/Sources/RaTeX/RaTeXEngine.swift"; sourceTree = "<group>"; };
		AA000022 /* RaTeXRenderer.swift */ = {isa = PBXFileReference; lastKnownFileType = sourcecode.swift; name = RaTeXRenderer.swift; path = "../../../platforms/ios/Sources/RaTeX/RaTeXRenderer.swift"; sourceTree = "<group>"; };
		AA000023 /* RaTeXView.swift */ = {isa = PBXFileReference; lastKnownFileType = sourcecode.swift; name = RaTeXView.swift; path = "../../../platforms/ios/Sources/RaTeX/RaTeXView.swift"; sourceTree = "<group>"; };
		AA000024 /* RaTeXFontLoader.swift */ = {isa = PBXFileReference; lastKnownFileType = sourcecode.swift; name = RaTeXFontLoader.swift; path = "../../../platforms/ios/Sources/RaTeX/RaTeXFontLoader.swift"; sourceTree = "<group>"; };
		AA000030 /* ContentView.swift */ = {isa = PBXFileReference; lastKnownFileType = sourcecode.swift; path = ContentView.swift; sourceTree = "<group>"; };
		AA000031 /* RaTeXDemoApp.swift */ = {isa = PBXFileReference; lastKnownFileType = sourcecode.swift; path = RaTeXDemoApp.swift; sourceTree = "<group>"; };
		AA000050 /* RaTeXDemo.app */ = {isa = PBXFileReference; explicitFileType = wrapper.application; includeInIndex = 0; path = RaTeXDemo.app; sourceTree = BUILT_PRODUCTS_DIR; };
		AA0000F0 /* Fonts */ = {isa = PBXFileReference; lastKnownFileType = folder; path = Fonts; sourceTree = "<group>"; };
/* End PBXFileReference section */

/* Begin PBXFrameworksBuildPhase section */
		AA000060 /* Frameworks */ = {
			isa = PBXFrameworksBuildPhase;
			buildActionMask = 2147483647;
			files = (
				AA000001 /* RaTeX.xcframework in Frameworks */,
			);
			runOnlyForDeploymentPostprocessing = 0;
		};
/* End PBXFrameworksBuildPhase section */

/* Begin PBXGroup section */
		AA000070 = {
			isa = PBXGroup;
			children = (
				AA000071 /* RaTeXDemo */,
				AA000072 /* RaTeX Sources */,
				AA0000E0 /* RaTeX Fonts */,
				AA000073 /* Frameworks */,
				AA000074 /* Products */,
			);
			sourceTree = "<group>";
		};
		AA000071 /* RaTeXDemo */ = {
			isa = PBXGroup;
			children = (
				AA000031 /* RaTeXDemoApp.swift */,
				AA000030 /* ContentView.swift */,
			);
			path = RaTeXDemo;
			sourceTree = "<group>";
		};
		AA000072 /* RaTeX Sources */ = {
			isa = PBXGroup;
			children = (
				AA000020 /* DisplayList.swift */,
				AA000021 /* RaTeXEngine.swift */,
				AA000022 /* RaTeXRenderer.swift */,
				AA000023 /* RaTeXView.swift */,
				AA000024 /* RaTeXFontLoader.swift */,
			);
			name = "RaTeX Sources";
			sourceTree = "<group>";
		};
		AA0000E0 /* RaTeX Fonts */ = {
			isa = PBXGroup;
			children = (
				AA0000F0 /* Fonts */,
			);
			path = "../../../platforms/ios/Sources/Ratex";
			sourceTree = "<group>";
		};
		AA000073 /* Frameworks */ = {
			isa = PBXGroup;
			children = (
				AA000010 /* RaTeX.xcframework */,
			);
			name = Frameworks;
			sourceTree = "<group>";
		};
		AA000074 /* Products */ = {
			isa = PBXGroup;
			children = (
				AA000050 /* RaTeXDemo.app */,
			);
			name = Products;
			sourceTree = "<group>";
		};
/* End PBXGroup section */

/* Begin PBXNativeTarget section */
		AA000080 /* RaTeXDemo */ = {
			isa = PBXNativeTarget;
			buildConfigurationList = AA000090;
			buildPhases = (
				AA000060 /* Frameworks */,
				AA000081 /* Sources */,
				AA0000E1 /* Resources */,
				AA000040 /* Embed Frameworks */,
			);
			buildRules = (
			);
			dependencies = (
			);
			name = RaTeXDemo;
			productName = RaTeXDemo;
			productReference = AA000050 /* RaTeXDemo.app */;
			productType = "com.apple.product-type.application";
		};
/* End PBXNativeTarget section */

/* Begin PBXProject section */
		AA0000FF /* Project object */ = {
			isa = PBXProject;
			attributes = {
				BuildIndependentTargetsInParallel = 1;
				LastSwiftUpdateCheck = 1600;
				LastUpgradeCheck = 1600;
				TargetAttributes = {
					AA000080 = {
						CreatedOnToolsVersion = 16.0;
					};
				};
			};
			buildConfigurationList = AA000100;
			compatibilityVersion = "Xcode 14.0";
			developmentRegion = en;
			hasScannedForEncodings = 0;
			knownRegions = (
				en,
				Base,
			);
			mainGroup = AA000070;
			productRefGroup = AA000074 /* Products */;
			projectDirPath = "";
			projectRoot = "";
			targets = (
				AA000080 /* RaTeXDemo */,
			);
		};
/* End PBXProject section */

/* Begin PBXSourcesBuildPhase section */
		AA000081 /* Sources */ = {
			isa = PBXSourcesBuildPhase;
			buildActionMask = 2147483647;
			files = (
				AA000003 /* DisplayList.swift in Sources */,
				AA000004 /* RaTeXEngine.swift in Sources */,
				AA000005 /* RaTeXRenderer.swift in Sources */,
				AA000006 /* RaTeXView.swift in Sources */,
				AA000009 /* RaTeXFontLoader.swift in Sources */,
				AA000007 /* ContentView.swift in Sources */,
				AA000008 /* RaTeXDemoApp.swift in Sources */,
			);
			runOnlyForDeploymentPostprocessing = 0;
		};
/* End PBXSourcesBuildPhase section */

/* Begin XCBuildConfiguration section */
		AA000091 /* Debug */ = {
			isa = XCBuildConfiguration;
			buildSettings = {
				ASSETCATALOG_COMPILER_APPICON_NAME = AppIcon;
				CODE_SIGN_STYLE = Automatic;
				CURRENT_PROJECT_VERSION = 1;
				DEVELOPMENT_TEAM = "";
				GENERATE_INFOPLIST_FILE = YES;
				INFOPLIST_KEY_CFBundleDisplayName = "RaTeX iOS Demo";
				INFOPLIST_KEY_UIApplicationSceneManifest_Generation = YES;
				INFOPLIST_KEY_UILaunchScreen_Generation = YES;
				INFOPLIST_KEY_UISupportedInterfaceOrientations_iPad = "UIInterfaceOrientationPortrait UIInterfaceOrientationPortraitUpsideDown UIInterfaceOrientationLandscapeLeft UIInterfaceOrientationLandscapeRight";
				INFOPLIST_KEY_UISupportedInterfaceOrientations_iPhone = "UIInterfaceOrientationPortrait UIInterfaceOrientationLandscapeLeft UIInterfaceOrientationLandscapeRight";
				IPHONEOS_DEPLOYMENT_TARGET = 16.0;
				LD_RUNPATH_SEARCH_PATHS = "$(inherited) @executable_path/Frameworks";
				MARKETING_VERSION = 1.0;
				PRODUCT_BUNDLE_IDENTIFIER = io.ratex.RaTeXDemo;
				PRODUCT_NAME = "$(TARGET_NAME)";
				SWIFT_EMIT_LOC_STRINGS = YES;
				SWIFT_VERSION = 5.0;
				TARGETED_DEVICE_FAMILY = "1,2";
			};
			name = Debug;
		};
		AA000092 /* Release */ = {
			isa = XCBuildConfiguration;
			buildSettings = {
				ASSETCATALOG_COMPILER_APPICON_NAME = AppIcon;
				CODE_SIGN_STYLE = Automatic;
				CURRENT_PROJECT_VERSION = 1;
				DEVELOPMENT_TEAM = "";
				GENERATE_INFOPLIST_FILE = YES;
				INFOPLIST_KEY_CFBundleDisplayName = "RaTeX iOS Demo";
				INFOPLIST_KEY_UIApplicationSceneManifest_Generation = YES;
				INFOPLIST_KEY_UILaunchScreen_Generation = YES;
				INFOPLIST_KEY_UISupportedInterfaceOrientations_iPad = "UIInterfaceOrientationPortrait UIInterfaceOrientationPortraitUpsideDown UIInterfaceOrientationLandscapeLeft UIInterfaceOrientationLandscapeRight";
				INFOPLIST_KEY_UISupportedInterfaceOrientations_iPhone = "UIInterfaceOrientationPortrait UIInterfaceOrientationLandscapeLeft UIInterfaceOrientationLandscapeRight";
				IPHONEOS_DEPLOYMENT_TARGET = 16.0;
				LD_RUNPATH_SEARCH_PATHS = "$(inherited) @executable_path/Frameworks";
				MARKETING_VERSION = 1.0;
				PRODUCT_BUNDLE_IDENTIFIER = io.ratex.RaTeXDemo;
				PRODUCT_NAME = "$(TARGET_NAME)";
				SWIFT_EMIT_LOC_STRINGS = YES;
				SWIFT_VERSION = 5.0;
				TARGETED_DEVICE_FAMILY = "1,2";
			};
			name = Release;
		};
		AA000101 /* Debug */ = {
			isa = XCBuildConfiguration;
			buildSettings = {
				ALWAYS_SEARCH_USER_PATHS = NO;
				CLANG_ANALYZER_NONNULL = YES;
				CLANG_ANALYZER_NUMBER_OBJECT_CONVERSION = YES_AGGRESSIVE;
				CLANG_CXX_LANGUAGE_STANDARD = "gnu++20";
				CLANG_ENABLE_MODULES = YES;
				CLANG_ENABLE_OBJC_ARC = YES;
				CLANG_WARN_BLOCK_CAPTURE_AUTORELEASING = YES;
				CLANG_WARN_BOOL_CONVERSION = YES;
				CLANG_WARN_COMMA = YES;
				CLANG_WARN_CONSTANT_CONVERSION = YES;
				CLANG_WARN_DEPRECATED_OBJC_IMPLEMENTATIONS = YES;
				CLANG_WARN_DIRECT_OBJC_ISA_USAGE = YES_ERROR;
				CLANG_WARN_DOCUMENTATION_COMMENTS = YES;
				CLANG_WARN_EMPTY_BODY = YES;
				CLANG_WARN_ENUM_CONVERSION = YES;
				CLANG_WARN_INFINITE_LOOPS = YES;
				CLANG_WARN_INT_CONVERSION = YES;
				CLANG_WARN_NON_LITERAL_NULL_CONVERSION = YES;
				CLANG_WARN_OBJC_IMPLICIT_RETAIN_SELF = YES;
				CLANG_WARN_OBJC_LITERAL_CONVERSION = YES;
				CLANG_WARN_OBJC_ROOT_CLASS = YES_ERROR;
				CLANG_WARN_QUOTED_INCLUDE_IN_FRAMEWORK_HEADER = YES;
				CLANG_WARN_RANGE_LOOP_ANALYSIS = YES;
				CLANG_WARN_STRICT_PROTOTYPES = YES;
				CLANG_WARN_SUSPICIOUS_MOVE = YES;
				CLANG_WARN_UNGUARDED_AVAILABILITY = YES_AGGRESSIVE;
				CLANG_WARN_UNREACHABLE_CODE = YES;
				CLANG_WARN__DUPLICATE_METHOD_MATCH = YES;
				COPY_PHASE_STRIP = NO;
				DEBUG_INFORMATION_FORMAT = dwarf;
				ENABLE_STRICT_OBJC_MSGSEND = YES;
				ENABLE_TESTABILITY = YES;
				GCC_C_LANGUAGE_STANDARD = gnu17;
				GCC_DYNAMIC_NO_PIC = NO;
				GCC_NO_COMMON_BLOCKS = YES;
				GCC_OPTIMIZATION_LEVEL = 0;
				GCC_PREPROCESSOR_DEFINITIONS = (
					"DEBUG=1",
					"$(inherited)",
				);
				GCC_WARN_64_TO_32_BIT_CONVERSION = YES;
				GCC_WARN_ABOUT_RETURN_TYPE = YES_ERROR;
				GCC_WARN_UNDECLARED_SELECTOR = YES;
				GCC_WARN_UNINITIALIZED_AUTOS = YES_AGGRESSIVE;
				GCC_WARN_UNUSED_FUNCTION = YES;
				GCC_WARN_UNUSED_VARIABLE = YES;
				IPHONEOS_DEPLOYMENT_TARGET = 16.0;
				MTL_ENABLE_DEBUG_INFO = INCLUDE_SOURCE;
				MTL_FAST_MATH = YES;
				ONLY_ACTIVE_ARCH = YES;
				SDKROOT = iphoneos;
				SWIFT_ACTIVE_COMPILATION_CONDITIONS = DEBUG;
				SWIFT_OPTIMIZATION_LEVEL = "-Onone";
			};
			name = Debug;
		};
		AA000102 /* Release */ = {
			isa = XCBuildConfiguration;
			buildSettings = {
				ALWAYS_SEARCH_USER_PATHS = NO;
				CLANG_ANALYZER_NONNULL = YES;
				CLANG_CXX_LANGUAGE_STANDARD = "gnu++20";
				CLANG_ENABLE_MODULES = YES;
				CLANG_ENABLE_OBJC_ARC = YES;
				CLANG_WARN_BLOCK_CAPTURE_AUTORELEASING = YES;
				CLANG_WARN_BOOL_CONVERSION = YES;
				CLANG_WARN_CONSTANT_CONVERSION = YES;
				CLANG_WARN_DEPRECATED_OBJC_IMPLEMENTATIONS = YES;
				CLANG_WARN_DIRECT_OBJC_ISA_USAGE = YES_ERROR;
				CLANG_WARN_EMPTY_BODY = YES;
				CLANG_WARN_ENUM_CONVERSION = YES;
				CLANG_WARN_INT_CONVERSION = YES;
				CLANG_WARN_NON_LITERAL_NULL_CONVERSION = YES;
				CLANG_WARN_OBJC_IMPLICIT_RETAIN_SELF = YES;
				CLANG_WARN_OBJC_LITERAL_CONVERSION = YES;
				CLANG_WARN_OBJC_ROOT_CLASS = YES_ERROR;
				CLANG_WARN_RANGE_LOOP_ANALYSIS = YES;
				CLANG_WARN_STRICT_PROTOTYPES = YES;
				CLANG_WARN_SUSPICIOUS_MOVE = YES;
				CLANG_WARN_UNGUARDED_AVAILABILITY = YES_AGGRESSIVE;
				CLANG_WARN_UNREACHABLE_CODE = YES;
				CLANG_WARN__DUPLICATE_METHOD_MATCH = YES;
				COPY_PHASE_STRIP = NO;
				DEBUG_INFORMATION_FORMAT = "dwarf-with-dsym";
				ENABLE_NS_ASSERTIONS = NO;
				ENABLE_STRICT_OBJC_MSGSEND = YES;
				GCC_C_LANGUAGE_STANDARD = gnu17;
				GCC_NO_COMMON_BLOCKS = YES;
				GCC_WARN_64_TO_32_BIT_CONVERSION = YES;
				GCC_WARN_ABOUT_RETURN_TYPE = YES_ERROR;
				GCC_WARN_UNDECLARED_SELECTOR = YES;
				GCC_WARN_UNINITIALIZED_AUTOS = YES_AGGRESSIVE;
				GCC_WARN_UNUSED_FUNCTION = YES;
				GCC_WARN_UNUSED_VARIABLE = YES;
				IPHONEOS_DEPLOYMENT_TARGET = 16.0;
				MTL_FAST_MATH = YES;
				SDKROOT = iphoneos;
				SWIFT_COMPILATION_MODE = wholemodule;
				SWIFT_OPTIMIZATION_LEVEL = "-O";
			};
			name = Release;
		};
/* End XCBuildConfiguration section */

/* Begin XCConfigurationList section */
		AA000090 /* Build configuration list for PBXNativeTarget "RaTeXDemo" */ = {
			isa = XCConfigurationList;
			buildConfigurations = (
				AA000091 /* Debug */,
				AA000092 /* Release */,
			);
			defaultConfigurationIsVisible = 0;
			defaultConfigurationName = Release;
		};
		AA000100 /* Build configuration list for PBXProject "RaTeXDemo" */ = {
			isa = XCConfigurationList;
			buildConfigurations = (
				AA000101 /* Debug */,
				AA000102 /* Release */,
			);
			defaultConfigurationIsVisible = 0;
			defaultConfigurationName = Release;
		};
/* End XCConfigurationList section */

	};
	rootObject = AA0000FF /* Project object */;
}
